
Microsoft Visual Studio Solution File, Format Version 12.00
# Visual Studio 14
VisualStudioVersion = 14.0.25420.1
MinimumVisualStudioVersion = 10.0.40219.1
Project("{FAE04EC0-301F-11D3-BF4B-00C04F79EFBC}") = "ejercicio10", "ejercicio10\ejercicio10.csproj", "{56EA6BAE-D598-48A8-81FF-BC5B9901571C}"
EndProject
Project("{FAE04EC0-301F-11D3-BF4B-00C04F79EFBC}") = "ejercicio10Test", "ejercicio10Test\ejercicio10Test.csproj", "{758443E9-19A8-401A-9170-B0D3A9C8B3F7}"
EndProject
Global
	GlobalSection(SolutionConfigurationPlatforms) = preSolution
		Debug|Any CPU = Debug|Any CPU
		Release|Any CPU = Release|Any CPU
	EndGlobalSection
	GlobalSection(ProjectConfigurationPlatforms) = postSolution
		{56EA6BAE-D598-48A8-81FF-BC5B9901571C}.Debug|Any CPU.ActiveCfg = Debug|Any CPU
		{56EA6BAE-D598-48A8-81FF-BC5B9901571C}.Debug|Any CPU.Build.0 = Debug|Any CPU
		{56EA6BAE-D598-48A8-81FF-BC5B9901571C}.Release|Any CPU.ActiveCfg = Release|Any CPU
		{56EA6BAE-D598-48A8-81FF-BC5B9901571C}.Release|Any CPU.Build.0 = Release|Any CPU
		{758443E9-19A8-401A-9170-B0D3A9C8B3F7}.Debug|Any CPU.ActiveCfg = Debug|Any CPU
		{758443E9-19A8-401A-9170-B0D3A9C8B3F7}.Debug|Any CPU.Build.0 = Debug|Any CPU
		{758443E9-19A8-401A-9170-B0D3A9C8B3F7}.Release|Any CPU.ActiveCfg = Release|Any CPU
		{758443E9-19A8-401A-9170-B0D3A9C8B3F7}.Release|Any CPU.Build.0 = Release|Any CPU
	EndGlobalSection
	GlobalSection(SolutionProperties) = preSolution
		HideSolutionNode = FALSE
	EndGlobalSection
EndGlobal
